
Microsoft Visual Studio Solution File, Format Version 12.00
# Visual Studio Version 17
VisualStudioVersion = 17.9.34607.119
MinimumVisualStudioVersion = 10.0.40219.1
Project("{FAE04EC0-301F-11D3-BF4B-00C04F79EFBC}") = "Cafetería Mi U", "Cafetería Mi U\Cafetería Mi U.csproj", "{77AFC68E-7B21-4202-BC60-BAF430A80E53}"
EndProject
Global
	GlobalSection(SolutionConfigurationPlatforms) = preSolution
		Debug|Any CPU = Debug|Any CPU
		Release|Any CPU = Release|Any CPU
	EndGlobalSection
	GlobalSection(ProjectConfigurationPlatforms) = postSolution
		{77AFC68E-7B21-4202-BC60-BAF430A80E53}.Debug|Any CPU.ActiveCfg = Debug|Any CPU
		{77AFC68E-7B21-4202-BC60-BAF430A80E53}.Debug|Any CPU.Build.0 = Debug|Any CPU
		{77AFC68E-7B21-4202-BC60-BAF430A80E53}.Release|Any CPU.ActiveCfg = Release|Any CPU
		{77AFC68E-7B21-4202-BC60-BAF430A80E53}.Release|Any CPU.Build.0 = Release|Any CPU
	EndGlobalSection
	GlobalSection(SolutionProperties) = preSolution
		HideSolutionNode = FALSE
	EndGlobalSection
	GlobalSection(ExtensibilityGlobals) = postSolution
		SolutionGuid = {0BB11175-ED6A-4948-90D7-1D7C99B62EA6}
	EndGlobalSection
EndGlobal
